// !$*UTF8*$!
{
	archiveVersion = 1;
	classes = {
	};
	objectVersion = 51;
	objects = {

/* Begin PBXBuildFile section */
		0B4C1C5625D6450400AC335E /* AppDelegate.swift in Sources */ = {isa = PBXBuildFile; fileRef = 0B4C1C5525D6450400AC335E /* AppDelegate.swift */; };
		0B4C1C5825D6450400AC335E /* SceneDelegate.swift in Sources */ = {isa = PBXBuildFile; fileRef = 0B4C1C5725D6450400AC335E /* SceneDelegate.swift */; };
		0B4C1C5A25D6450400AC335E /* DataHandeling.swift in Sources */ = {isa = PBXBuildFile; fileRef = 0B4C1C5925D6450400AC335E /* DataHandeling.swift */; };
		0B4C1C5D25D6450400AC335E /* Main.storyboard in Resources */ = {isa = PBXBuildFile; fileRef = 0B4C1C5B25D6450400AC335E /* Main.storyboard */; };
		0B4C1C5F25D6450600AC335E /* Assets.xcassets in Resources */ = {isa = PBXBuildFile; fileRef = 0B4C1C5E25D6450600AC335E /* Assets.xcassets */; };
		0B4C1C6225D6450600AC335E /* LaunchScreen.storyboard in Resources */ = {isa = PBXBuildFile; fileRef = 0B4C1C6025D6450600AC335E /* LaunchScreen.storyboard */; };
		0B4C1C7D25D7904800AC335E /* PostData.swift in Sources */ = {isa = PBXBuildFile; fileRef = 0B4C1C7C25D7904800AC335E /* PostData.swift */; };
		0B4C1C8125D7980600AC335E /* CustomViewController.swift in Sources */ = {isa = PBXBuildFile; fileRef = 0B4C1C8025D7980600AC335E /* CustomViewController.swift */; };
		ED8599807A5170AD5F060C07 /* Pods_postmethod.framework in Frameworks */ = {isa = PBXBuildFile; fileRef = 84EDDFF9526220038DE6183A /* Pods_postmethod.framework */; };
/* End PBXBuildFile section */

/* Begin PBXFileReference section */
		0B4C1C5225D6450400AC335E /* postmethod.app */ = {isa = PBXFileReference; explicitFileType = wrapper.application; includeInIndex = 0; path = postmethod.app; sourceTree = BUILT_PRODUCTS_DIR; };
		0B4C1C5525D6450400AC335E /* AppDelegate.swift */ = {isa = PBXFileReference; lastKnownFileType = sourcecode.swift; path = AppDelegate.swift; sourceTree = "<group>"; };
		0B4C1C5725D6450400AC335E /* SceneDelegate.swift */ = {isa = PBXFileReference; lastKnownFileType = sourcecode.swift; path = SceneDelegate.swift; sourceTree = "<group>"; };
		0B4C1C5925D6450400AC335E /* DataHandeling.swift */ = {isa = PBXFileReference; lastKnownFileType = sourcecode.swift; path = DataHandeling.swift; sourceTree = "<group>"; };
		0B4C1C5C25D6450400AC335E /* Base */ = {isa = PBXFileReference; lastKnownFileType = file.storyboard; name = Base; path = Base.lproj/Main.storyboard; sourceTree = "<group>"; };
		0B4C1C5E25D6450600AC335E /* Assets.xcassets */ = {isa = PBXFileReference; lastKnownFileType = folder.assetcatalog; path = Assets.xcassets; sourceTree = "<group>"; };
		0B4C1C6125D6450600AC335E /* Base */ = {isa = PBXFileReference; lastKnownFileType = file.storyboard; name = Base; path = Base.lproj/LaunchScreen.storyboard; sourceTree = "<group>"; };
		0B4C1C6325D6450600AC335E /* Info.plist */ = {isa = PBXFileReference; lastKnownFileType = text.plist.xml; path = Info.plist; sourceTree = "<group>"; };
		0B4C1C7C25D7904800AC335E /* PostData.swift */ = {isa = PBXFileReference; lastKnownFileType = sourcecode.swift; path = PostData.swift; sourceTree = "<group>"; };
		0B4C1C8025D7980600AC335E /* CustomViewController.swift */ = {isa = PBXFileReference; lastKnownFileType = sourcecode.swift; path = CustomViewController.swift; sourceTree = "<group>"; };
		0C5AA279A8729EA710C65B1D /* Pods-postmethod.release.xcconfig */ = {isa = PBXFileReference; includeInIndex = 1; lastKnownFileType = text.xcconfig; name = "Pods-postmethod.release.xcconfig"; path = "Target Support Files/Pods-postmethod/Pods-postmethod.release.xcconfig"; sourceTree = "<group>"; };
		84EDDFF9526220038DE6183A /* Pods_postmethod.framework */ = {isa = PBXFileReference; explicitFileType = wrapper.framework; includeInIndex = 0; path = Pods_postmethod.framework; sourceTree = BUILT_PRODUCTS_DIR; };
		DE74D67FB73902C0334B1F59 /* Pods-postmethod.debug.xcconfig */ = {isa = PBXFileReference; includeInIndex = 1; lastKnownFileType = text.xcconfig; name = "Pods-postmethod.debug.xcconfig"; path = "Target Support Files/Pods-postmethod/Pods-postmethod.debug.xcconfig"; sourceTree = "<group>"; };
/* End PBXFileReference section */

/* Begin PBXFrameworksBuildPhase section */
		0B4C1C4F25D6450400AC335E /* Frameworks */ = {
			isa = PBXFrameworksBuildPhase;
			buildActionMask = 2147483647;
			files = (
				ED8599807A5170AD5F060C07 /* Pods_postmethod.framework in Frameworks */,
			);
			runOnlyForDeploymentPostprocessing = 0;
		};
/* End PBXFrameworksBuildPhase section */

/* Begin PBXGroup section */
		0B4C1C4925D6450400AC335E = {
			isa = PBXGroup;
			children = (
				0B4C1C5425D6450400AC335E /* postmethod */,
				0B4C1C5325D6450400AC335E /* Products */,
				12D18C3C691A7CD98338E1C1 /* Pods */,
				4F439699BCD94E3BE74659BA /* Frameworks */,
			);
			sourceTree = "<group>";
		};
		0B4C1C5325D6450400AC335E /* Products */ = {
			isa = PBXGroup;
			children = (
				0B4C1C5225D6450400AC335E /* postmethod.app */,
			);
			name = Products;
			sourceTree = "<group>";
		};
		0B4C1C5425D6450400AC335E /* postmethod */ = {
			isa = PBXGroup;
			children = (
				0B4C1C5525D6450400AC335E /* AppDelegate.swift */,
				0B4C1C5725D6450400AC335E /* SceneDelegate.swift */,
				0B4C1C5925D6450400AC335E /* DataHandeling.swift */,
				0B4C1C7C25D7904800AC335E /* PostData.swift */,
				0B4C1C8025D7980600AC335E /* CustomViewController.swift */,
				0B4C1C5B25D6450400AC335E /* Main.storyboard */,
				0B4C1C5E25D6450600AC335E /* Assets.xcassets */,
				0B4C1C6025D6450600AC335E /* LaunchScreen.storyboard */,
				0B4C1C6325D6450600AC335E /* Info.plist */,
			);
			path = postmethod;
			sourceTree = "<group>";
		};
		12D18C3C691A7CD98338E1C1 /* Pods */ = {
			isa = PBXGroup;
			children = (
				DE74D67FB73902C0334B1F59 /* Pods-postmethod.debug.xcconfig */,
				0C5AA279A8729EA710C65B1D /* Pods-postmethod.release.xcconfig */,
			);
			path = Pods;
			sourceTree = "<group>";
		};
		4F439699BCD94E3BE74659BA /* Frameworks */ = {
			isa = PBXGroup;
			children = (
				84EDDFF9526220038DE6183A /* Pods_postmethod.framework */,
			);
			name = Frameworks;
			sourceTree = "<group>";
		};
/* End PBXGroup section */

/* Begin PBXNativeTarget section */
		0B4C1C5125D6450400AC335E /* postmethod */ = {
			isa = PBXNativeTarget;
			buildConfigurationList = 0B4C1C6625D6450600AC335E /* Build configuration list for PBXNativeTarget "postmethod" */;
			buildPhases = (
				811DA23AEBAC24026F1909D1 /* [CP] Check Pods Manifest.lock */,
				0B4C1C4E25D6450400AC335E /* Sources */,
				0B4C1C4F25D6450400AC335E /* Frameworks */,
				0B4C1C5025D6450400AC335E /* Resources */,
				6F8EA1ECD513AB2F0C930660 /* [CP] Embed Pods Frameworks */,
			);
			buildRules = (
			);
			dependencies = (
			);
			name = postmethod;
			productName = postmethod;
			productReference = 0B4C1C5225D6450400AC335E /* postmethod.app */;
			productType = "com.apple.product-type.application";
		};
/* End PBXNativeTarget section */

/* Begin PBXProject section */
		0B4C1C4A25D6450400AC335E /* Project object */ = {
			isa = PBXProject;
			attributes = {
				LastSwiftUpdateCheck = 1230;
				LastUpgradeCheck = 1230;
				TargetAttributes = {
					0B4C1C5125D6450400AC335E = {
						CreatedOnToolsVersion = 12.3;
					};
				};
			};
			buildConfigurationList = 0B4C1C4D25D6450400AC335E /* Build configuration list for PBXProject "postmethod" */;
			compatibilityVersion = "Xcode 9.3";
			developmentRegion = en;
			hasScannedForEncodings = 0;
			knownRegions = (
				en,
				Base,
			);
			mainGroup = 0B4C1C4925D6450400AC335E;
			productRefGroup = 0B4C1C5325D6450400AC335E /* Products */;
			projectDirPath = "";
			projectRoot = "";
			targets = (
				0B4C1C5125D6450400AC335E /* postmethod */,
			);
		};
/* End PBXProject section */

/* Begin PBXResourcesBuildPhase section */
		0B4C1C5025D6450400AC335E /* Resources */ = {
			isa = PBXResourcesBuildPhase;
			buildActionMask = 2147483647;
			files = (
				0B4C1C6225D6450600AC335E /* LaunchScreen.storyboard in Resources */,
				0B4C1C5F25D6450600AC335E /* Assets.xcassets in Resources */,
				0B4C1C5D25D6450400AC335E /* Main.storyboard in Resources */,
			);
			runOnlyForDeploymentPostprocessing = 0;
		};
/* End PBXResourcesBuildPhase section */

/* Begin PBXShellScriptBuildPhase section */
		6F8EA1ECD513AB2F0C930660 /* [CP] Embed Pods Frameworks */ = {
			isa = PBXShellScriptBuildPhase;
			buildActionMask = 2147483647;
			files = (
			);
			inputFileListPaths = (
				"${PODS_ROOT}/Target Support Files/Pods-postmethod/Pods-postmethod-frameworks-${CONFIGURATION}-input-files.xcfilelist",
			);
			name = "[CP] Embed Pods Frameworks";
			outputFileListPaths = (
				"${PODS_ROOT}/Target Support Files/Pods-postmethod/Pods-postmethod-frameworks-${CONFIGURATION}-output-files.xcfilelist",
			);
			runOnlyForDeploymentPostprocessing = 0;
			shellPath = /bin/sh;
			shellScript = "\"${PODS_ROOT}/Target Support Files/Pods-postmethod/Pods-postmethod-frameworks.sh\"\n";
			showEnvVarsInLog = 0;
		};
		811DA23AEBAC24026F1909D1 /* [CP] Check Pods Manifest.lock */ = {
			isa = PBXShellScriptBuildPhase;
			buildActionMask = 2147483647;
			files = (
			);
			inputFileListPaths = (
			);
			inputPaths = (
				"${PODS_PODFILE_DIR_PATH}/Podfile.lock",
				"${PODS_ROOT}/Manifest.lock",
			);
			name = "[CP] Check Pods Manifest.lock";
			outputFileListPaths = (
			);
			outputPaths = (
				"$(DERIVED_FILE_DIR)/Pods-postmethod-checkManifestLockResult.txt",
			);
			runOnlyForDeploymentPostprocessing = 0;
			shellPath = /bin/sh;
			shellScript = "diff \"${PODS_PODFILE_DIR_PATH}/Podfile.lock\" \"${PODS_ROOT}/Manifest.lock\" > /dev/null\nif [ $? != 0 ] ; then\n    # print error to STDERR\n    echo \"error: The sandbox is not in sync with the Podfile.lock. Run 'pod install' or update your CocoaPods installation.\" >&2\n    exit 1\nfi\n# This output is used by Xcode 'outputs' to avoid re-running this script phase.\necho \"SUCCESS\" > \"${SCRIPT_OUTPUT_FILE_0}\"\n";
			showEnvVarsInLog = 0;
		};
/* End PBXShellScriptBuildPhase section */

/* Begin PBXSourcesBuildPhase section */
		0B4C1C4E25D6450400AC335E /* Sources */ = {
			isa = PBXSourcesBuildPhase;
			buildActionMask = 2147483647;
			files = (
				0B4C1C8125D7980600AC335E /* CustomViewController.swift in Sources */,
				0B4C1C5A25D6450400AC335E /* DataHandeling.swift in Sources */,
				0B4C1C7D25D7904800AC335E /* PostData.swift in Sources */,
				0B4C1C5625D6450400AC335E /* AppDelegate.swift in Sources */,
				0B4C1C5825D6450400AC335E /* SceneDelegate.swift in Sources */,
			);
			runOnlyForDeploymentPostprocessing = 0;
		};
/* End PBXSourcesBuildPhase section */

/* Begin PBXVariantGroup section */
		0B4C1C5B25D6450400AC335E /* Main.storyboard */ = {
			isa = PBXVariantGroup;
			children = (
				0B4C1C5C25D6450400AC335E /* Base */,
			);
			name = Main.storyboard;
			sourceTree = "<group>";
		};
		0B4C1C6025D6450600AC335E /* LaunchScreen.storyboard */ = {
			isa = PBXVariantGroup;
			children = (
				0B4C1C6125D6450600AC335E /* Base */,
			);
			name = LaunchScreen.storyboard;
			sourceTree = "<group>";
		};
/* End PBXVariantGroup section */

/* Begin XCBuildConfiguration section */
		0B4C1C6425D6450600AC335E /* Debug */ = {
			isa = XCBuildConfiguration;
			buildSettings = {
				ALWAYS_SEARCH_USER_PATHS = NO;
				CLANG_ANALYZER_NONNULL = YES;
				CLANG_ANALYZER_NUMBER_OBJECT_CONVERSION = YES_AGGRESSIVE;
				CLANG_CXX_LANGUAGE_STANDARD = "gnu++14";
				CLANG_CXX_LIBRARY = "libc++";
				CLANG_ENABLE_MODULES = YES;
				CLANG_ENABLE_OBJC_ARC = YES;
				CLANG_ENABLE_OBJC_WEAK = YES;
				CLANG_WARN_BLOCK_CAPTURE_AUTORELEASING = YES;
				CLANG_WARN_BOOL_CONVERSION = YES;
				CLANG_WARN_COMMA = YES;
				CLANG_WARN_CONSTANT_CONVERSION = YES;
				CLANG_WARN_DEPRECATED_OBJC_IMPLEMENTATIONS = YES;
				CLANG_WARN_DIRECT_OBJC_ISA_USAGE = YES_ERROR;
				CLANG_WARN_DOCUMENTATION_COMMENTS = YES;
				CLANG_WARN_EMPTY_BODY = YES;
				CLANG_WARN_ENUM_CONVERSION = YES;
				CLANG_WARN_INFINITE_RECURSION = YES;
				CLANG_WARN_INT_CONVERSION = YES;
				CLANG_WARN_NON_LITERAL_NULL_CONVERSION = YES;
				CLANG_WARN_OBJC_IMPLICIT_RETAIN_SELF = YES;
				CLANG_WARN_OBJC_LITERAL_CONVERSION = YES;
				CLANG_WARN_OBJC_ROOT_CLASS = YES_ERROR;
				CLANG_WARN_QUOTED_INCLUDE_IN_FRAMEWORK_HEADER = YES;
				CLANG_WARN_RANGE_LOOP_ANALYSIS = YES;
				CLANG_WARN_STRICT_PROTOTYPES = YES;
				CLANG_WARN_SUSPICIOUS_MOVE = YES;
				CLANG_WARN_UNGUARDED_AVAILABILITY = YES_AGGRESSIVE;
				CLANG_WARN_UNREACHABLE_CODE = YES;
				CLANG_WARN__DUPLICATE_METHOD_MATCH = YES;
				COPY_PHASE_STRIP = NO;
				DEBUG_INFORMATION_FORMAT = dwarf;
				ENABLE_STRICT_OBJC_MSGSEND = YES;
				ENABLE_TESTABILITY = YES;
				GCC_C_LANGUAGE_STANDARD = gnu11;
				GCC_DYNAMIC_NO_PIC = NO;
				GCC_NO_COMMON_BLOCKS = YES;
				GCC_OPTIMIZATION_LEVEL = 0;
				GCC_PREPROCESSOR_DEFINITIONS = (
					"DEBUG=1",
					"$(inherited)",
				);
				GCC_WARN_64_TO_32_BIT_CONVERSION = YES;
				GCC_WARN_ABOUT_RETURN_TYPE = YES_ERROR;
				GCC_WARN_UNDECLARED_SELECTOR = YES;
				GCC_WARN_UNINITIALIZED_AUTOS = YES_AGGRESSIVE;
				GCC_WARN_UNUSED_FUNCTION = YES;
				GCC_WARN_UNUSED_VARIABLE = YES;
				IPHONEOS_DEPLOYMENT_TARGET = 14.3;
				MTL_ENABLE_DEBUG_INFO = INCLUDE_SOURCE;
				MTL_FAST_MATH = YES;
				ONLY_ACTIVE_ARCH = YES;
				SDKROOT = iphoneos;
				SWIFT_ACTIVE_COMPILATION_CONDITIONS = DEBUG;
				SWIFT_OPTIMIZATION_LEVEL = "-Onone";
			};
			name = Debug;
		};
		0B4C1C6525D6450600AC335E /* Release */ = {
			isa = XCBuildConfiguration;
			buildSettings = {
				ALWAYS_SEARCH_USER_PATHS = NO;
				CLANG_ANALYZER_NONNULL = YES;
				CLANG_ANALYZER_NUMBER_OBJECT_CONVERSION = YES_AGGRESSIVE;
				CLANG_CXX_LANGUAGE_STANDARD = "gnu++14";
				CLANG_CXX_LIBRARY = "libc++";
				CLANG_ENABLE_MODULES = YES;
				CLANG_ENABLE_OBJC_ARC = YES;
				CLANG_ENABLE_OBJC_WEAK = YES;
				CLANG_WARN_BLOCK_CAPTURE_AUTORELEASING = YES;
				CLANG_WARN_BOOL_CONVERSION = YES;
				CLANG_WARN_COMMA = YES;
				CLANG_WARN_CONSTANT_CONVERSION = YES;
				CLANG_WARN_DEPRECATED_OBJC_IMPLEMENTATIONS = YES;
				CLANG_WARN_DIRECT_OBJC_ISA_USAGE = YES_ERROR;
				CLANG_WARN_DOCUMENTATION_COMMENTS = YES;
				CLANG_WARN_EMPTY_BODY = YES;
				CLANG_WARN_ENUM_CONVERSION = YES;
				CLANG_WARN_INFINITE_RECURSION = YES;
				CLANG_WARN_INT_CONVERSION = YES;
				CLANG_WARN_NON_LITERAL_NULL_CONVERSION = YES;
				CLANG_WARN_OBJC_IMPLICIT_RETAIN_SELF = YES;
				CLANG_WARN_OBJC_LITERAL_CONVERSION = YES;
				CLANG_WARN_OBJC_ROOT_CLASS = YES_ERROR;
				CLANG_WARN_QUOTED_INCLUDE_IN_FRAMEWORK_HEADER = YES;
				CLANG_WARN_RANGE_LOOP_ANALYSIS = YES;
				CLANG_WARN_STRICT_PROTOTYPES = YES;
				CLANG_WARN_SUSPICIOUS_MOVE = YES;
				CLANG_WARN_UNGUARDED_AVAILABILITY = YES_AGGRESSIVE;
				CLANG_WARN_UNREACHABLE_CODE = YES;
				CLANG_WARN__DUPLICATE_METHOD_MATCH = YES;
				COPY_PHASE_STRIP = NO;
				DEBUG_INFORMATION_FORMAT = "dwarf-with-dsym";
				ENABLE_NS_ASSERTIONS = NO;
				ENABLE_STRICT_OBJC_MSGSEND = YES;
				GCC_C_LANGUAGE_STANDARD = gnu11;
				GCC_NO_COMMON_BLOCKS = YES;
				GCC_WARN_64_TO_32_BIT_CONVERSION = YES;
				GCC_WARN_ABOUT_RETURN_TYPE = YES_ERROR;
				GCC_WARN_UNDECLARED_SELECTOR = YES;
				GCC_WARN_UNINITIALIZED_AUTOS = YES_AGGRESSIVE;
				GCC_WARN_UNUSED_FUNCTION = YES;
				GCC_WARN_UNUSED_VARIABLE = YES;
				IPHONEOS_DEPLOYMENT_TARGET = 14.3;
				MTL_ENABLE_DEBUG_INFO = NO;
				MTL_FAST_MATH = YES;
				SDKROOT = iphoneos;
				SWIFT_COMPILATION_MODE = wholemodule;
				SWIFT_OPTIMIZATION_LEVEL = "-O";
				VALIDATE_PRODUCT = YES;
			};
			name = Release;
		};
		0B4C1C6725D6450600AC335E /* Debug */ = {
			isa = XCBuildConfiguration;
			baseConfigurationReference = DE74D67FB73902C0334B1F59 /* Pods-postmethod.debug.xcconfig */;
			buildSettings = {
				ASSETCATALOG_COMPILER_APPICON_NAME = AppIcon;
				ASSETCATALOG_COMPILER_GLOBAL_ACCENT_COLOR_NAME = AccentColor;
				CODE_SIGN_STYLE = Automatic;
				DEVELOPMENT_TEAM = 7389FTCSZN;
				INFOPLIST_FILE = postmethod/Info.plist;
				LD_RUNPATH_SEARCH_PATHS = (
					"$(inherited)",
					"@executable_path/Frameworks",
				);
				PRODUCT_BUNDLE_IDENTIFIER = richard.postmethod;
				PRODUCT_NAME = "$(TARGET_NAME)";
				SWIFT_VERSION = 5.0;
				TARGETED_DEVICE_FAMILY = "1,2";
			};
			name = Debug;
		};
		0B4C1C6825D6450600AC335E /* Release */ = {
			isa = XCBuildConfiguration;
			baseConfigurationReference = 0C5AA279A8729EA710C65B1D /* Pods-postmethod.release.xcconfig */;
			buildSettings = {
				ASSETCATALOG_COMPILER_APPICON_NAME = AppIcon;
				ASSETCATALOG_COMPILER_GLOBAL_ACCENT_COLOR_NAME = AccentColor;
				CODE_SIGN_STYLE = Automatic;
				DEVELOPMENT_TEAM = 7389FTCSZN;
				INFOPLIST_FILE = postmethod/Info.plist;
				LD_RUNPATH_SEARCH_PATHS = (
					"$(inherited)",
					"@executable_path/Frameworks",
				);
				PRODUCT_BUNDLE_IDENTIFIER = richard.postmethod;
				PRODUCT_NAME = "$(TARGET_NAME)";
				SWIFT_VERSION = 5.0;
				TARGETED_DEVICE_FAMILY = "1,2";
			};
			name = Release;
		};
/* End XCBuildConfiguration section */

/* Begin XCConfigurationList section */
		0B4C1C4D25D6450400AC335E /* Build configuration list for PBXProject "postmethod" */ = {
			isa = XCConfigurationList;
			buildConfigurations = (
				0B4C1C6425D6450600AC335E /* Debug */,
				0B4C1C6525D6450600AC335E /* Release */,
			);
			defaultConfigurationIsVisible = 0;
			defaultConfigurationName = Release;
		};
		0B4C1C6625D6450600AC335E /* Build configuration list for PBXNativeTarget "postmethod" */ = {
			isa = XCConfigurationList;
			buildConfigurations = (
				0B4C1C6725D6450600AC335E /* Debug */,
				0B4C1C6825D6450600AC335E /* Release */,
			);
			defaultConfigurationIsVisible = 0;
			defaultConfigurationName = Release;
		};
/* End XCConfigurationList section */
	};
	rootObject = 0B4C1C4A25D6450400AC335E /* Project object */;
}
